
Microsoft Visual Studio Solution File, Format Version 12.00
# Visual Studio Version 16
VisualStudioVersion = 16.0.29215.179
MinimumVisualStudioVersion = 10.0.40219.1
Project("{FAE04EC0-301F-11D3-BF4B-00C04F79EFBC}") = "Frederick.Maxim.WebApp", "Frederick.Maxim.WebApp\Frederick.Maxim.WebApp.csproj", "{3D1C3698-C253-445F-BC48-FECBF6146D1B}"
EndProject
Project("{FAE04EC0-301F-11D3-BF4B-00C04F79EFBC}") = "Frederick.Maxim.Data", "Frederick.Maxim.Data\Frederick.Maxim.Data.csproj", "{33BE9868-C2D5-4CA7-BFF2-13016BCEEB1B}"
EndProject
Global
	GlobalSection(SolutionConfigurationPlatforms) = preSolution
		Debug|Any CPU = Debug|Any CPU
		Release|Any CPU = Release|Any CPU
	EndGlobalSection
	GlobalSection(ProjectConfigurationPlatforms) = postSolution
		{3D1C3698-C253-445F-BC48-FECBF6146D1B}.Debug|Any CPU.ActiveCfg = Debug|Any CPU
		{3D1C3698-C253-445F-BC48-FECBF6146D1B}.Debug|Any CPU.Build.0 = Debug|Any CPU
		{3D1C3698-C253-445F-BC48-FECBF6146D1B}.Release|Any CPU.ActiveCfg = Release|Any CPU
		{3D1C3698-C253-445F-BC48-FECBF6146D1B}.Release|Any CPU.Build.0 = Release|Any CPU
		{33BE9868-C2D5-4CA7-BFF2-13016BCEEB1B}.Debug|Any CPU.ActiveCfg = Debug|Any CPU
		{33BE9868-C2D5-4CA7-BFF2-13016BCEEB1B}.Debug|Any CPU.Build.0 = Debug|Any CPU
		{33BE9868-C2D5-4CA7-BFF2-13016BCEEB1B}.Release|Any CPU.ActiveCfg = Release|Any CPU
		{33BE9868-C2D5-4CA7-BFF2-13016BCEEB1B}.Release|Any CPU.Build.0 = Release|Any CPU
	EndGlobalSection
	GlobalSection(SolutionProperties) = preSolution
		HideSolutionNode = FALSE
	EndGlobalSection
	GlobalSection(ExtensibilityGlobals) = postSolution
		SolutionGuid = {06BA6D59-4425-4C35-90F8-89987C26DF2C}
	EndGlobalSection
EndGlobal
